<?xml version="1.0" encoding="utf-8"?>
<Project ToolsVersion="4.0" xmlns="http://schemas.microsoft.com/developer/msbuild/2003">
  <ItemGroup>
    <Filter Include="Spec">
      <UniqueIdentifier>{85272d59-bff1-4436-bc56-fa21c7eb4062}</UniqueIdentifier>
      <Extensions>cpp;c;cxx;rc;def;r;odl;idl;hpj;bat</Extensions>
    </Filter>
    <Filter Include="Windows">
      <UniqueIdentifier>{a8f26625-c7cf-49ed-967b-ef8fc19e9554}</UniqueIdentifier>
    </Filter>
    <Filter Include="Common">
      <UniqueIdentifier>{64c66efc-5bf4-4d7c-a619-df177257fa5b}</UniqueIdentifier>
    </Filter>
    <Filter Include="7zip Common">
      <UniqueIdentifier>{4a1ab6d1-7f04-43ed-831d-4bd89ac8096c}</UniqueIdentifier>
    </Filter>
  </ItemGroup>
  <ItemGroup>
    <ResourceCompile Include="resource.rc">
      <Filter>Spec</Filter>
    </ResourceCompile>
  </ItemGroup>
  <ItemGroup>
    <ClCompile Include="StdAfx.cpp">
      <Filter>Spec</Filter>
    </ClCompile>
    <ClCompile Include="..\..\..\Windows\DLL.cpp">
      <Filter>Windows</Filter>
    </ClCompile>
    <ClCompile Include="..\..\..\Windows\FileDir.cpp">
      <Filter>Windows</Filter>
    </ClCompile>
    <ClCompile Include="..\..\..\Windows\FileFind.cpp">
      <Filter>Windows</Filter>
    </ClCompile>
    <ClCompile Include="..\..\..\Windows\FileIO.cpp">
      <Filter>Windows</Filter>
    </ClCompile>
    <ClCompile Include="..\..\..\Windows\FileName.cpp">
      <Filter>Windows</Filter>
    </ClCompile>
    <ClCompile Include="..\..\..\Windows\PropVariant.cpp">
      <Filter>Windows</Filter>
    </ClCompile>
    <ClCompile Include="..\..\..\Windows\PropVariantConv.cpp">
      <Filter>Windows</Filter>
    </ClCompile>
    <ClCompile Include="..\..\..\Common\IntToString.cpp">
      <Filter>Common</Filter>
    </ClCompile>
    <ClCompile Include="..\..\..\Common\MyString.cpp">
      <Filter>Common</Filter>
    </ClCompile>
    <ClCompile Include="..\..\..\Common\MyVector.cpp">
      <Filter>Common</Filter>
    </ClCompile>
    <ClCompile Include="..\..\..\Common\NewHandler.cpp">
      <Filter>Common</Filter>
    </ClCompile>
    <ClCompile Include="..\..\..\Common\StringConvert.cpp">
      <Filter>Common</Filter>
    </ClCompile>
    <ClCompile Include="..\..\..\Common\Wildcard.cpp">
      <Filter>Common</Filter>
    </ClCompile>
    <ClCompile Include="..\..\Common\FileStreams.cpp">
      <Filter>7zip Common</Filter>
    </ClCompile>
    <ClCompile Include="Client7z.cpp">
      <Filter>Spec</Filter>
    </ClCompile>
  </ItemGroup>
  <ItemGroup>
    <ClInclude Include="StdAfx.h">
      <Filter>Spec</Filter>
    </ClInclude>
    <ClInclude Include="..\..\..\Windows\DLL.h">
      <Filter>Windows</Filter>
    </ClInclude>
    <ClInclude Include="..\..\..\Windows\FileDir.h">
      <Filter>Windows</Filter>
    </ClInclude>
    <ClInclude Include="..\..\..\Windows\FileFind.h">
      <Filter>Windows</Filter>
    </ClInclude>
    <ClInclude Include="..\..\..\Windows\FileIO.h">
      <Filter>Windows</Filter>
    </ClInclude>
    <ClInclude Include="..\..\..\Windows\FileName.h">
      <Filter>Windows</Filter>
    </ClInclude>
    <ClInclude Include="..\..\..\Windows\PropVariant.h">
      <Filter>Windows</Filter>
    </ClInclude>
    <ClInclude Include="..\..\..\Windows\PropVariantConv.h">
      <Filter>Windows</Filter>
    </ClInclude>
    <ClInclude Include="..\..\..\Common\IntToString.h">
      <Filter>Common</Filter>
    </ClInclude>
    <ClInclude Include="..\..\..\Common\MyString.h">
      <Filter>Common</Filter>
    </ClInclude>
    <ClInclude Include="..\..\..\Common\MyVector.h">
      <Filter>Common</Filter>
    </ClInclude>
    <ClInclude Include="..\..\..\Common\NewHandler.h">
      <Filter>Common</Filter>
    </ClInclude>
    <ClInclude Include="..\..\..\Common\StringConvert.h">
      <Filter>Common</Filter>
    </ClInclude>
    <ClInclude Include="..\..\..\Common\Wildcard.h">
      <Filter>Common</Filter>
    </ClInclude>
    <ClInclude Include="..\..\Common\FileStreams.h">
      <Filter>7zip Common</Filter>
    </ClInclude>
    <ClInclude Include="..\..\..\..\C\Sort.h" />
    <ClInclude Include="Client7z.h">
      <Filter>Spec</Filter>
    </ClInclude>
  </ItemGroup>
</Project>